
Microsoft Visual Studio Solution File, Format Version 12.00
# Visual Studio Version 16
VisualStudioVersion = 16.0.30204.135
MinimumVisualStudioVersion = 10.0.40219.1
Project("{FAE04EC0-301F-11D3-BF4B-00C04F79EFBC}") = "SamuraiApp.Domain", "SamuraiApp.Domain\SamuraiApp.Domain.csproj", "{E8E0AA29-59CE-45E0-8DB3-B86DB1F369A0}"
EndProject
Project("{FAE04EC0-301F-11D3-BF4B-00C04F79EFBC}") = "SamuraiApp.Data", "SamuraiApp.Data\SamuraiApp.Data.csproj", "{0D56E8B3-0414-442D-976C-BBA625CD5496}"
EndProject
Project("{FAE04EC0-301F-11D3-BF4B-00C04F79EFBC}") = "ConsoleApp", "ConsoleApp\ConsoleApp.csproj", "{5DFA1FFC-8897-40EA-82AA-FDDB51AED64C}"
EndProject
Project("{FAE04EC0-301F-11D3-BF4B-00C04F79EFBC}") = "Tests", "Tests\Tests.csproj", "{DABE28A8-F83A-4773-B4FB-B9FFB94ACBBC}"
EndProject
Global
	GlobalSection(SolutionConfigurationPlatforms) = preSolution
		Debug|Any CPU = Debug|Any CPU
		Release|Any CPU = Release|Any CPU
	EndGlobalSection
	GlobalSection(ProjectConfigurationPlatforms) = postSolution
		{E8E0AA29-59CE-45E0-8DB3-B86DB1F369A0}.Debug|Any CPU.ActiveCfg = Debug|Any CPU
		{E8E0AA29-59CE-45E0-8DB3-B86DB1F369A0}.Debug|Any CPU.Build.0 = Debug|Any CPU
		{E8E0AA29-59CE-45E0-8DB3-B86DB1F369A0}.Release|Any CPU.ActiveCfg = Release|Any CPU
		{E8E0AA29-59CE-45E0-8DB3-B86DB1F369A0}.Release|Any CPU.Build.0 = Release|Any CPU
		{0D56E8B3-0414-442D-976C-BBA625CD5496}.Debug|Any CPU.ActiveCfg = Debug|Any CPU
		{0D56E8B3-0414-442D-976C-BBA625CD5496}.Debug|Any CPU.Build.0 = Debug|Any CPU
		{0D56E8B3-0414-442D-976C-BBA625CD5496}.Release|Any CPU.ActiveCfg = Release|Any CPU
		{0D56E8B3-0414-442D-976C-BBA625CD5496}.Release|Any CPU.Build.0 = Release|Any CPU
		{5DFA1FFC-8897-40EA-82AA-FDDB51AED64C}.Debug|Any CPU.ActiveCfg = Debug|Any CPU
		{5DFA1FFC-8897-40EA-82AA-FDDB51AED64C}.Debug|Any CPU.Build.0 = Debug|Any CPU
		{5DFA1FFC-8897-40EA-82AA-FDDB51AED64C}.Release|Any CPU.ActiveCfg = Release|Any CPU
		{5DFA1FFC-8897-40EA-82AA-FDDB51AED64C}.Release|Any CPU.Build.0 = Release|Any CPU
		{DABE28A8-F83A-4773-B4FB-B9FFB94ACBBC}.Debug|Any CPU.ActiveCfg = Debug|Any CPU
		{DABE28A8-F83A-4773-B4FB-B9FFB94ACBBC}.Debug|Any CPU.Build.0 = Debug|Any CPU
		{DABE28A8-F83A-4773-B4FB-B9FFB94ACBBC}.Release|Any CPU.ActiveCfg = Release|Any CPU
		{DABE28A8-F83A-4773-B4FB-B9FFB94ACBBC}.Release|Any CPU.Build.0 = Release|Any CPU
	EndGlobalSection
	GlobalSection(SolutionProperties) = preSolution
		HideSolutionNode = FALSE
	EndGlobalSection
	GlobalSection(ExtensibilityGlobals) = postSolution
		SolutionGuid = {B3236097-F6B9-4FCC-9B24-8FE1D03574A1}
	EndGlobalSection
EndGlobal
